
Microsoft Visual Studio Solution File, Format Version 12.00
# Visual Studio 14
VisualStudioVersion = 14.0.25420.1
MinimumVisualStudioVersion = 10.0.40219.1
Project("{2150E333-8FDC-42A3-9474-1A3956D46DE8}") = "Data", "Data", "{BC93BDAC-650E-4BFF-A300-C279AB6DF5CD}"
EndProject
Project("{2150E333-8FDC-42A3-9474-1A3956D46DE8}") = "Business", "Business", "{BE0B7E62-A789-4B8E-AD83-18F1D4567412}"
EndProject
Project("{2150E333-8FDC-42A3-9474-1A3956D46DE8}") = "Services", "Services", "{9B73AE5D-DFAE-4F11-AFC5-3CA848410739}"
EndProject
Project("{2150E333-8FDC-42A3-9474-1A3956D46DE8}") = "Presentation", "Presentation", "{0A7766B7-BCF1-4913-9E3B-8FE9A2709E88}"
EndProject
Project("{2150E333-8FDC-42A3-9474-1A3956D46DE8}") = "Hosts", "Hosts", "{117E2EDC-1F7C-4235-AA51-F48DD731B088}"
EndProject
Project("{2150E333-8FDC-42A3-9474-1A3956D46DE8}") = "Shared", "Shared", "{8046F2F6-B7FF-4DDE-A2CD-E1EB94577FE0}"
EndProject
Project("{2150E333-8FDC-42A3-9474-1A3956D46DE8}") = "Tests", "Tests", "{8A51877F-A382-4CCB-B6E9-358C74D3B3FF}"
EndProject
Project("{FAE04EC0-301F-11D3-BF4B-00C04F79EFBC}") = "ArtShop.Framework", "Shared\ArtShop.Framework\ArtShop.Framework.csproj", "{284623C1-00DD-42B3-A85D-7BE5A9686D83}"
EndProject
Project("{FAE04EC0-301F-11D3-BF4B-00C04F79EFBC}") = "ArtShop.Entities", "Shared\ArtShop.Entities\ArtShop.Entities.csproj", "{549B3D8D-7C35-4F25-92E6-DF9D195310E0}"
EndProject
Project("{FAE04EC0-301F-11D3-BF4B-00C04F79EFBC}") = "ArtShop.Data", "Data\ArtShop.Data\ArtShop.Data.csproj", "{E8756EC0-B6DA-4513-8B62-F694CDD132A3}"
EndProject
Project("{FAE04EC0-301F-11D3-BF4B-00C04F79EFBC}") = "ArtShop.Business", "Business\ArtShop.Business\ArtShop.Business.csproj", "{1809C1BC-A45F-4A71-B229-A529689EE4B4}"
EndProject
Project("{FAE04EC0-301F-11D3-BF4B-00C04F79EFBC}") = "ArtShop.Services.Contracts", "Services\ArtShop.Services.Contracts\ArtShop.Services.Contracts.csproj", "{3CD35E18-6CEE-4725-B820-B2A526622690}"
EndProject
Project("{FAE04EC0-301F-11D3-BF4B-00C04F79EFBC}") = "ArtShop.Services", "Services\ArtShop.Services\ArtShop.Services.csproj", "{2477C2B7-82D1-40AA-B8A7-5385A9B7065D}"
EndProject
Project("{FAE04EC0-301F-11D3-BF4B-00C04F79EFBC}") = "ArtShop.Services.Http", "Services\ArtShop.Services.Http\ArtShop.Services.Http.csproj", "{4197E021-8B04-42BE-8483-EC5CFC7EB4C9}"
EndProject
Project("{FAE04EC0-301F-11D3-BF4B-00C04F79EFBC}") = "ArtShop.Hosts.Web", "Hosts\ArtShop.Hosts.Web\ArtShop.Hosts.Web.csproj", "{DBD9A614-2CB2-4317-BF86-9BDC94E85022}"
EndProject
Project("{FAE04EC0-301F-11D3-BF4B-00C04F79EFBC}") = "ArtShop.UI.Process", "Presentation\ArtShop.UI.Process\ArtShop.UI.Process.csproj", "{9F96235C-A960-4BE1-969B-5E3C1C17EC3A}"
EndProject
Project("{FAE04EC0-301F-11D3-BF4B-00C04F79EFBC}") = "ArtShop.UI.Web", "Presentation\ArtShop.UI.Web\ArtShop.UI.Web.csproj", "{DE55ABF8-3AF1-45B3-B786-444F96B65B34}"
EndProject
Project("{FAE04EC0-301F-11D3-BF4B-00C04F79EFBC}") = "ArtShop.Test", "Tests\ArtShop.Test\ArtShop.Test.csproj", "{04BFAE17-3557-4B85-99BD-5CB1384CD0FD}"
EndProject
Global
	GlobalSection(SolutionConfigurationPlatforms) = preSolution
		Debug|Any CPU = Debug|Any CPU
		Release|Any CPU = Release|Any CPU
	EndGlobalSection
	GlobalSection(ProjectConfigurationPlatforms) = postSolution
		{284623C1-00DD-42B3-A85D-7BE5A9686D83}.Debug|Any CPU.ActiveCfg = Debug|Any CPU
		{284623C1-00DD-42B3-A85D-7BE5A9686D83}.Debug|Any CPU.Build.0 = Debug|Any CPU
		{284623C1-00DD-42B3-A85D-7BE5A9686D83}.Release|Any CPU.ActiveCfg = Release|Any CPU
		{284623C1-00DD-42B3-A85D-7BE5A9686D83}.Release|Any CPU.Build.0 = Release|Any CPU
		{549B3D8D-7C35-4F25-92E6-DF9D195310E0}.Debug|Any CPU.ActiveCfg = Debug|Any CPU
		{549B3D8D-7C35-4F25-92E6-DF9D195310E0}.Debug|Any CPU.Build.0 = Debug|Any CPU
		{549B3D8D-7C35-4F25-92E6-DF9D195310E0}.Release|Any CPU.ActiveCfg = Release|Any CPU
		{549B3D8D-7C35-4F25-92E6-DF9D195310E0}.Release|Any CPU.Build.0 = Release|Any CPU
		{E8756EC0-B6DA-4513-8B62-F694CDD132A3}.Debug|Any CPU.ActiveCfg = Debug|Any CPU
		{E8756EC0-B6DA-4513-8B62-F694CDD132A3}.Debug|Any CPU.Build.0 = Debug|Any CPU
		{E8756EC0-B6DA-4513-8B62-F694CDD132A3}.Release|Any CPU.ActiveCfg = Release|Any CPU
		{E8756EC0-B6DA-4513-8B62-F694CDD132A3}.Release|Any CPU.Build.0 = Release|Any CPU
		{1809C1BC-A45F-4A71-B229-A529689EE4B4}.Debug|Any CPU.ActiveCfg = Debug|Any CPU
		{1809C1BC-A45F-4A71-B229-A529689EE4B4}.Debug|Any CPU.Build.0 = Debug|Any CPU
		{1809C1BC-A45F-4A71-B229-A529689EE4B4}.Release|Any CPU.ActiveCfg = Release|Any CPU
		{1809C1BC-A45F-4A71-B229-A529689EE4B4}.Release|Any CPU.Build.0 = Release|Any CPU
		{3CD35E18-6CEE-4725-B820-B2A526622690}.Debug|Any CPU.ActiveCfg = Debug|Any CPU
		{3CD35E18-6CEE-4725-B820-B2A526622690}.Debug|Any CPU.Build.0 = Debug|Any CPU
		{3CD35E18-6CEE-4725-B820-B2A526622690}.Release|Any CPU.ActiveCfg = Release|Any CPU
		{3CD35E18-6CEE-4725-B820-B2A526622690}.Release|Any CPU.Build.0 = Release|Any CPU
		{2477C2B7-82D1-40AA-B8A7-5385A9B7065D}.Debug|Any CPU.ActiveCfg = Debug|Any CPU
		{2477C2B7-82D1-40AA-B8A7-5385A9B7065D}.Debug|Any CPU.Build.0 = Debug|Any CPU
		{2477C2B7-82D1-40AA-B8A7-5385A9B7065D}.Release|Any CPU.ActiveCfg = Release|Any CPU
		{2477C2B7-82D1-40AA-B8A7-5385A9B7065D}.Release|Any CPU.Build.0 = Release|Any CPU
		{4197E021-8B04-42BE-8483-EC5CFC7EB4C9}.Debug|Any CPU.ActiveCfg = Debug|Any CPU
		{4197E021-8B04-42BE-8483-EC5CFC7EB4C9}.Debug|Any CPU.Build.0 = Debug|Any CPU
		{4197E021-8B04-42BE-8483-EC5CFC7EB4C9}.Release|Any CPU.ActiveCfg = Release|Any CPU
		{4197E021-8B04-42BE-8483-EC5CFC7EB4C9}.Release|Any CPU.Build.0 = Release|Any CPU
		{DBD9A614-2CB2-4317-BF86-9BDC94E85022}.Debug|Any CPU.ActiveCfg = Debug|Any CPU
		{DBD9A614-2CB2-4317-BF86-9BDC94E85022}.Debug|Any CPU.Build.0 = Debug|Any CPU
		{DBD9A614-2CB2-4317-BF86-9BDC94E85022}.Release|Any CPU.ActiveCfg = Release|Any CPU
		{DBD9A614-2CB2-4317-BF86-9BDC94E85022}.Release|Any CPU.Build.0 = Release|Any CPU
		{9F96235C-A960-4BE1-969B-5E3C1C17EC3A}.Debug|Any CPU.ActiveCfg = Debug|Any CPU
		{9F96235C-A960-4BE1-969B-5E3C1C17EC3A}.Debug|Any CPU.Build.0 = Debug|Any CPU
		{9F96235C-A960-4BE1-969B-5E3C1C17EC3A}.Release|Any CPU.ActiveCfg = Release|Any CPU
		{9F96235C-A960-4BE1-969B-5E3C1C17EC3A}.Release|Any CPU.Build.0 = Release|Any CPU
		{DE55ABF8-3AF1-45B3-B786-444F96B65B34}.Debug|Any CPU.ActiveCfg = Debug|Any CPU
		{DE55ABF8-3AF1-45B3-B786-444F96B65B34}.Debug|Any CPU.Build.0 = Debug|Any CPU
		{DE55ABF8-3AF1-45B3-B786-444F96B65B34}.Release|Any CPU.ActiveCfg = Release|Any CPU
		{DE55ABF8-3AF1-45B3-B786-444F96B65B34}.Release|Any CPU.Build.0 = Release|Any CPU
		{04BFAE17-3557-4B85-99BD-5CB1384CD0FD}.Debug|Any CPU.ActiveCfg = Debug|Any CPU
		{04BFAE17-3557-4B85-99BD-5CB1384CD0FD}.Debug|Any CPU.Build.0 = Debug|Any CPU
		{04BFAE17-3557-4B85-99BD-5CB1384CD0FD}.Release|Any CPU.ActiveCfg = Release|Any CPU
		{04BFAE17-3557-4B85-99BD-5CB1384CD0FD}.Release|Any CPU.Build.0 = Release|Any CPU
	EndGlobalSection
	GlobalSection(SolutionProperties) = preSolution
		HideSolutionNode = FALSE
	EndGlobalSection
	GlobalSection(NestedProjects) = preSolution
		{284623C1-00DD-42B3-A85D-7BE5A9686D83} = {8046F2F6-B7FF-4DDE-A2CD-E1EB94577FE0}
		{549B3D8D-7C35-4F25-92E6-DF9D195310E0} = {8046F2F6-B7FF-4DDE-A2CD-E1EB94577FE0}
		{E8756EC0-B6DA-4513-8B62-F694CDD132A3} = {BC93BDAC-650E-4BFF-A300-C279AB6DF5CD}
		{1809C1BC-A45F-4A71-B229-A529689EE4B4} = {BE0B7E62-A789-4B8E-AD83-18F1D4567412}
		{3CD35E18-6CEE-4725-B820-B2A526622690} = {9B73AE5D-DFAE-4F11-AFC5-3CA848410739}
		{2477C2B7-82D1-40AA-B8A7-5385A9B7065D} = {9B73AE5D-DFAE-4F11-AFC5-3CA848410739}
		{4197E021-8B04-42BE-8483-EC5CFC7EB4C9} = {9B73AE5D-DFAE-4F11-AFC5-3CA848410739}
		{DBD9A614-2CB2-4317-BF86-9BDC94E85022} = {117E2EDC-1F7C-4235-AA51-F48DD731B088}
		{9F96235C-A960-4BE1-969B-5E3C1C17EC3A} = {0A7766B7-BCF1-4913-9E3B-8FE9A2709E88}
		{DE55ABF8-3AF1-45B3-B786-444F96B65B34} = {0A7766B7-BCF1-4913-9E3B-8FE9A2709E88}
		{04BFAE17-3557-4B85-99BD-5CB1384CD0FD} = {8A51877F-A382-4CCB-B6E9-358C74D3B3FF}
	EndGlobalSection
EndGlobal
